
Microsoft Visual Studio Solution File, Format Version 12.00
# Visual Studio Version 17
VisualStudioVersion = 17.9.34622.214
MinimumVisualStudioVersion = 10.0.40219.1
Project("{FAE04EC0-301F-11D3-BF4B-00C04F79EFBC}") = "ProjeYonetimSistemi.UI.MVC", "ProjeYonetimSistemi.UI.MVC\ProjeYonetimSistemi.UI.MVC.csproj", "{184243AD-4C86-4B91-AF30-0BDB714DBD14}"
EndProject
Global
	GlobalSection(SolutionConfigurationPlatforms) = preSolution
		Debug|Any CPU = Debug|Any CPU
		Release|Any CPU = Release|Any CPU
	EndGlobalSection
	GlobalSection(ProjectConfigurationPlatforms) = postSolution
		{184243AD-4C86-4B91-AF30-0BDB714DBD14}.Debug|Any CPU.ActiveCfg = Debug|Any CPU
		{184243AD-4C86-4B91-AF30-0BDB714DBD14}.Debug|Any CPU.Build.0 = Debug|Any CPU
		{184243AD-4C86-4B91-AF30-0BDB714DBD14}.Release|Any CPU.ActiveCfg = Release|Any CPU
		{184243AD-4C86-4B91-AF30-0BDB714DBD14}.Release|Any CPU.Build.0 = Release|Any CPU
	EndGlobalSection
	GlobalSection(SolutionProperties) = preSolution
		HideSolutionNode = FALSE
	EndGlobalSection
	GlobalSection(ExtensibilityGlobals) = postSolution
		SolutionGuid = {60CDF6EA-A158-4DA7-B8AC-C6EE55B9D481}
	EndGlobalSection
EndGlobal
