
Microsoft Visual Studio Solution File, Format Version 12.00
# Visual Studio Version 17
VisualStudioVersion = 17.9.34622.214
MinimumVisualStudioVersion = 10.0.40219.1
Project("{9A19103F-16F7-4668-BE54-9A1E7A4F7556}") = "ProjeYonetimSistemi.UI.MVC", "ProjeYonetimSistemi.UI.MVC\ProjeYonetimSistemi.UI.MVC.csproj", "{184243AD-4C86-4B91-AF30-0BDB714DBD14}"
EndProject
Project("{2150E333-8FDC-42A3-9474-1A3956D46DE8}") = "Libaries", "Libaries", "{BCF694F3-6DF9-4877-B7EF-F73D00C90C6A}"
EndProject
Project("{9A19103F-16F7-4668-BE54-9A1E7A4F7556}") = "ProjeYonetimSistemi.Dto", "ProjeYonetimSistemi.Dto\ProjeYonetimSistemi.Dto.csproj", "{B134FFBF-8FD6-4ABC-A07F-964E3526F38E}"
EndProject
Global
	GlobalSection(SolutionConfigurationPlatforms) = preSolution
		Debug|Any CPU = Debug|Any CPU
		Release|Any CPU = Release|Any CPU
	EndGlobalSection
	GlobalSection(ProjectConfigurationPlatforms) = postSolution
		{184243AD-4C86-4B91-AF30-0BDB714DBD14}.Debug|Any CPU.ActiveCfg = Debug|Any CPU
		{184243AD-4C86-4B91-AF30-0BDB714DBD14}.Debug|Any CPU.Build.0 = Debug|Any CPU
		{184243AD-4C86-4B91-AF30-0BDB714DBD14}.Release|Any CPU.ActiveCfg = Release|Any CPU
		{184243AD-4C86-4B91-AF30-0BDB714DBD14}.Release|Any CPU.Build.0 = Release|Any CPU
		{B134FFBF-8FD6-4ABC-A07F-964E3526F38E}.Debug|Any CPU.ActiveCfg = Debug|Any CPU
		{B134FFBF-8FD6-4ABC-A07F-964E3526F38E}.Debug|Any CPU.Build.0 = Debug|Any CPU
		{B134FFBF-8FD6-4ABC-A07F-964E3526F38E}.Release|Any CPU.ActiveCfg = Release|Any CPU
		{B134FFBF-8FD6-4ABC-A07F-964E3526F38E}.Release|Any CPU.Build.0 = Release|Any CPU
	EndGlobalSection
	GlobalSection(SolutionProperties) = preSolution
		HideSolutionNode = FALSE
	EndGlobalSection
	GlobalSection(ExtensibilityGlobals) = postSolution
		SolutionGuid = {60CDF6EA-A158-4DA7-B8AC-C6EE55B9D481}
	EndGlobalSection
EndGlobal
